<Solution>
  <Folder Name="/src/">
    <Project Path="src/EventBooking.Core/EventBooking.Core.csproj" />
    <Project Path="src/EventBooking.Web/EventBooking.Web.csproj" />
  </Folder>
  <Folder Name="/tests/">
    <Project Path="tests/EventBooking.Tests/EventBooking.Tests.csproj" />
  </Folder>
</Solution>
